{
  "name": "harness-doctor",
  "version": "0.1.0",
  "lockfileVersion": 3,
  "requires": true,
  "packages": {
    "": {
      "name": "harness-doctor",
      "version": "0.1.0",
      "license": "MIT",
      "bin": {
        "harness-doctor": "bin/harness-doctor.mjs"
      },
      "engines": {
        "node": ">=20.0.0"
      }
    }
  }
}
